// !$*UTF8*$!
{
	archiveVersion = 1;
	classes = {
	};
	objectVersion = 54;
	objects = {

/* Begin PBXBuildFile section */
		81CD3BBED22CA26628C87388 /* Pods_Currency_Forex.framework in Frameworks */ = {isa = PBXBuildFile; fileRef = DC3F811C642553CA71E000E8 /* Pods_Currency_Forex.framework */; };
		A94111BE9C3DD413DC22B1EB /* Pods_Currency_ForexTests.framework in Frameworks */ = {isa = PBXBuildFile; fileRef = 2C2E8154425C8FA54496733A /* Pods_Currency_ForexTests.framework */; };
		AB1FAB6B29326C3900AB8A6A /* AppDelegate.swift in Sources */ = {isa = PBXBuildFile; fileRef = AB1FAB6A29326C3900AB8A6A /* AppDelegate.swift */; };
		AB1FAB7429326C3B00AB8A6A /* Assets.xcassets in Resources */ = {isa = PBXBuildFile; fileRef = AB1FAB7329326C3B00AB8A6A /* Assets.xcassets */; };
		AB1FAB7729326C3B00AB8A6A /* LaunchScreen.storyboard in Resources */ = {isa = PBXBuildFile; fileRef = AB1FAB7529326C3B00AB8A6A /* LaunchScreen.storyboard */; };
		AB1FAB8229326C3B00AB8A6A /* Currency_ForexTests.swift in Sources */ = {isa = PBXBuildFile; fileRef = AB1FAB8129326C3B00AB8A6A /* Currency_ForexTests.swift */; };
		AB1FAB8C29326C3B00AB8A6A /* Currency_ForexUITests.swift in Sources */ = {isa = PBXBuildFile; fileRef = AB1FAB8B29326C3B00AB8A6A /* Currency_ForexUITests.swift */; };
		AB1FAB8E29326C3B00AB8A6A /* Currency_ForexUITestsLaunchTests.swift in Sources */ = {isa = PBXBuildFile; fileRef = AB1FAB8D29326C3B00AB8A6A /* Currency_ForexUITestsLaunchTests.swift */; };
		AB1FAB9C2932769E00AB8A6A /* Alamofire in Frameworks */ = {isa = PBXBuildFile; productRef = AB1FAB9B2932769E00AB8A6A /* Alamofire */; };
		AB1FAB9F293276C100AB8A6A /* AlamofireNetworkActivityLogger in Frameworks */ = {isa = PBXBuildFile; productRef = AB1FAB9E293276C100AB8A6A /* AlamofireNetworkActivityLogger */; };
		AB1FABAB2932876200AB8A6A /* BindableType.swift in Sources */ = {isa = PBXBuildFile; fileRef = AB1FABA12932876200AB8A6A /* BindableType.swift */; };
		AB1FABAC2932876200AB8A6A /* AppCoordinator.swift in Sources */ = {isa = PBXBuildFile; fileRef = AB1FABA22932876200AB8A6A /* AppCoordinator.swift */; };
		AB1FABAE2932876200AB8A6A /* NibIdentifiable.swift in Sources */ = {isa = PBXBuildFile; fileRef = AB1FABA52932876200AB8A6A /* NibIdentifiable.swift */; };
		AB1FABAF2932876200AB8A6A /* Constants.swift in Sources */ = {isa = PBXBuildFile; fileRef = AB1FABA72932876200AB8A6A /* Constants.swift */; };
		AB1FABB429328A5B00AB8A6A /* BestRatesVM.swift in Sources */ = {isa = PBXBuildFile; fileRef = AB1FABB029328A5B00AB8A6A /* BestRatesVM.swift */; };
		AB1FABB529328A5B00AB8A6A /* BestRatesVMImpl.swift in Sources */ = {isa = PBXBuildFile; fileRef = AB1FABB129328A5B00AB8A6A /* BestRatesVMImpl.swift */; };
		AB1FABB629328A5B00AB8A6A /* BestRatesVC.swift in Sources */ = {isa = PBXBuildFile; fileRef = AB1FABB229328A5B00AB8A6A /* BestRatesVC.swift */; };
		AB1FABB729328A5B00AB8A6A /* BestRatesVC.xib in Resources */ = {isa = PBXBuildFile; fileRef = AB1FABB329328A5B00AB8A6A /* BestRatesVC.xib */; };
		AB55709B2933624B0068F164 /* PaymentService.swift in Sources */ = {isa = PBXBuildFile; fileRef = AB55709A2933624B0068F164 /* PaymentService.swift */; };
		AB55709D2933649A0068F164 /* HTTPClient.swift in Sources */ = {isa = PBXBuildFile; fileRef = AB55709C2933649A0068F164 /* HTTPClient.swift */; };
		AB5570A429336F330068F164 /* ErrorDetailsItem.swift in Sources */ = {isa = PBXBuildFile; fileRef = AB5570A129336F330068F164 /* ErrorDetailsItem.swift */; };
		AB5570A529336F330068F164 /* ErrorCode.swift in Sources */ = {isa = PBXBuildFile; fileRef = AB5570A229336F330068F164 /* ErrorCode.swift */; };
		AB5570A629336F330068F164 /* ValidationErrorItem.swift in Sources */ = {isa = PBXBuildFile; fileRef = AB5570A329336F330068F164 /* ValidationErrorItem.swift */; };
		AB5570A8293377030068F164 /* ErrorItem.swift in Sources */ = {isa = PBXBuildFile; fileRef = AB5570A7293377030068F164 /* ErrorItem.swift */; };
		AB5570AA2933805C0068F164 /* PaymentEndpoint.swift in Sources */ = {isa = PBXBuildFile; fileRef = AB5570A92933805C0068F164 /* PaymentEndpoint.swift */; };
		AB5570AC2933833A0068F164 /* Endpoint.swift in Sources */ = {isa = PBXBuildFile; fileRef = AB5570AB2933833A0068F164 /* Endpoint.swift */; };
		AB5570AF29338D3B0068F164 /* SwiftDate in Frameworks */ = {isa = PBXBuildFile; productRef = AB5570AE29338D3B0068F164 /* SwiftDate */; };
		AB5570B129338E120068F164 /* String + Estensions.swift in Sources */ = {isa = PBXBuildFile; fileRef = AB5570B029338E120068F164 /* String + Estensions.swift */; };
		AB5570B3293390510068F164 /* Date + Extensions.swift in Sources */ = {isa = PBXBuildFile; fileRef = AB5570B2293390510068F164 /* Date + Extensions.swift */; };
		AB5570B5293392AB0068F164 /* ResponseErrorItem.swift in Sources */ = {isa = PBXBuildFile; fileRef = AB5570B4293392AB0068F164 /* ResponseErrorItem.swift */; };
		AB5570B82933A05C0068F164 /* Environment.swift in Sources */ = {isa = PBXBuildFile; fileRef = AB5570B72933A05C0068F164 /* Environment.swift */; };
		F40D8602A14DAE47EDD54D3E /* Pods_Currency_Forex_Currency_ForexUITests.framework in Frameworks */ = {isa = PBXBuildFile; fileRef = 66E0DA300C81799276573768 /* Pods_Currency_Forex_Currency_ForexUITests.framework */; };
/* End PBXBuildFile section */

/* Begin PBXContainerItemProxy section */
		AB1FAB7E29326C3B00AB8A6A /* PBXContainerItemProxy */ = {
			isa = PBXContainerItemProxy;
			containerPortal = AB1FAB5F29326C3900AB8A6A /* Project object */;
			proxyType = 1;
			remoteGlobalIDString = AB1FAB6629326C3900AB8A6A;
			remoteInfo = "Currency Forex";
		};
		AB1FAB8829326C3B00AB8A6A /* PBXContainerItemProxy */ = {
			isa = PBXContainerItemProxy;
			containerPortal = AB1FAB5F29326C3900AB8A6A /* Project object */;
			proxyType = 1;
			remoteGlobalIDString = AB1FAB6629326C3900AB8A6A;
			remoteInfo = "Currency Forex";
		};
/* End PBXContainerItemProxy section */

/* Begin PBXFileReference section */
		2C2E8154425C8FA54496733A /* Pods_Currency_ForexTests.framework */ = {isa = PBXFileReference; explicitFileType = wrapper.framework; includeInIndex = 0; path = Pods_Currency_ForexTests.framework; sourceTree = BUILT_PRODUCTS_DIR; };
		2C40B253B542870BDE11349A /* Pods-Currency Forex.debug.xcconfig */ = {isa = PBXFileReference; includeInIndex = 1; lastKnownFileType = text.xcconfig; name = "Pods-Currency Forex.debug.xcconfig"; path = "Target Support Files/Pods-Currency Forex/Pods-Currency Forex.debug.xcconfig"; sourceTree = "<group>"; };
		2D15C30198119DE2D2BC7030 /* Pods-Currency ForexTests.debug.xcconfig */ = {isa = PBXFileReference; includeInIndex = 1; lastKnownFileType = text.xcconfig; name = "Pods-Currency ForexTests.debug.xcconfig"; path = "Target Support Files/Pods-Currency ForexTests/Pods-Currency ForexTests.debug.xcconfig"; sourceTree = "<group>"; };
		45E76AE693C16A60661800DA /* Pods-Currency Forex.release.xcconfig */ = {isa = PBXFileReference; includeInIndex = 1; lastKnownFileType = text.xcconfig; name = "Pods-Currency Forex.release.xcconfig"; path = "Target Support Files/Pods-Currency Forex/Pods-Currency Forex.release.xcconfig"; sourceTree = "<group>"; };
		5D37BF6D2E4CFB729B59F9DC /* Pods-Currency Forex-Currency ForexUITests.debug.xcconfig */ = {isa = PBXFileReference; includeInIndex = 1; lastKnownFileType = text.xcconfig; name = "Pods-Currency Forex-Currency ForexUITests.debug.xcconfig"; path = "Target Support Files/Pods-Currency Forex-Currency ForexUITests/Pods-Currency Forex-Currency ForexUITests.debug.xcconfig"; sourceTree = "<group>"; };
		66E0DA300C81799276573768 /* Pods_Currency_Forex_Currency_ForexUITests.framework */ = {isa = PBXFileReference; explicitFileType = wrapper.framework; includeInIndex = 0; path = Pods_Currency_Forex_Currency_ForexUITests.framework; sourceTree = BUILT_PRODUCTS_DIR; };
		9D2CB895E54EE4BA9DDD3BCF /* Pods-Currency ForexTests.release.xcconfig */ = {isa = PBXFileReference; includeInIndex = 1; lastKnownFileType = text.xcconfig; name = "Pods-Currency ForexTests.release.xcconfig"; path = "Target Support Files/Pods-Currency ForexTests/Pods-Currency ForexTests.release.xcconfig"; sourceTree = "<group>"; };
		AB1FAB6729326C3900AB8A6A /* Currency Forex.app */ = {isa = PBXFileReference; explicitFileType = wrapper.application; includeInIndex = 0; path = "Currency Forex.app"; sourceTree = BUILT_PRODUCTS_DIR; };
		AB1FAB6A29326C3900AB8A6A /* AppDelegate.swift */ = {isa = PBXFileReference; lastKnownFileType = sourcecode.swift; path = AppDelegate.swift; sourceTree = "<group>"; };
		AB1FAB7329326C3B00AB8A6A /* Assets.xcassets */ = {isa = PBXFileReference; lastKnownFileType = folder.assetcatalog; path = Assets.xcassets; sourceTree = "<group>"; };
		AB1FAB7629326C3B00AB8A6A /* Base */ = {isa = PBXFileReference; lastKnownFileType = file.storyboard; name = Base; path = Base.lproj/LaunchScreen.storyboard; sourceTree = "<group>"; };
		AB1FAB7829326C3B00AB8A6A /* Info.plist */ = {isa = PBXFileReference; lastKnownFileType = text.plist.xml; path = Info.plist; sourceTree = "<group>"; };
		AB1FAB7D29326C3B00AB8A6A /* Currency ForexTests.xctest */ = {isa = PBXFileReference; explicitFileType = wrapper.cfbundle; includeInIndex = 0; path = "Currency ForexTests.xctest"; sourceTree = BUILT_PRODUCTS_DIR; };
		AB1FAB8129326C3B00AB8A6A /* Currency_ForexTests.swift */ = {isa = PBXFileReference; lastKnownFileType = sourcecode.swift; path = Currency_ForexTests.swift; sourceTree = "<group>"; };
		AB1FAB8729326C3B00AB8A6A /* Currency ForexUITests.xctest */ = {isa = PBXFileReference; explicitFileType = wrapper.cfbundle; includeInIndex = 0; path = "Currency ForexUITests.xctest"; sourceTree = BUILT_PRODUCTS_DIR; };
		AB1FAB8B29326C3B00AB8A6A /* Currency_ForexUITests.swift */ = {isa = PBXFileReference; lastKnownFileType = sourcecode.swift; path = Currency_ForexUITests.swift; sourceTree = "<group>"; };
		AB1FAB8D29326C3B00AB8A6A /* Currency_ForexUITestsLaunchTests.swift */ = {isa = PBXFileReference; lastKnownFileType = sourcecode.swift; path = Currency_ForexUITestsLaunchTests.swift; sourceTree = "<group>"; };
		AB1FABA12932876200AB8A6A /* BindableType.swift */ = {isa = PBXFileReference; fileEncoding = 4; lastKnownFileType = sourcecode.swift; path = BindableType.swift; sourceTree = "<group>"; };
		AB1FABA22932876200AB8A6A /* AppCoordinator.swift */ = {isa = PBXFileReference; fileEncoding = 4; lastKnownFileType = sourcecode.swift; path = AppCoordinator.swift; sourceTree = "<group>"; };
		AB1FABA52932876200AB8A6A /* NibIdentifiable.swift */ = {isa = PBXFileReference; fileEncoding = 4; lastKnownFileType = sourcecode.swift; path = NibIdentifiable.swift; sourceTree = "<group>"; };
		AB1FABA72932876200AB8A6A /* Constants.swift */ = {isa = PBXFileReference; fileEncoding = 4; lastKnownFileType = sourcecode.swift; path = Constants.swift; sourceTree = "<group>"; };
		AB1FABB029328A5B00AB8A6A /* BestRatesVM.swift */ = {isa = PBXFileReference; fileEncoding = 4; lastKnownFileType = sourcecode.swift; path = BestRatesVM.swift; sourceTree = "<group>"; };
		AB1FABB129328A5B00AB8A6A /* BestRatesVMImpl.swift */ = {isa = PBXFileReference; fileEncoding = 4; lastKnownFileType = sourcecode.swift; path = BestRatesVMImpl.swift; sourceTree = "<group>"; };
		AB1FABB229328A5B00AB8A6A /* BestRatesVC.swift */ = {isa = PBXFileReference; fileEncoding = 4; lastKnownFileType = sourcecode.swift; path = BestRatesVC.swift; sourceTree = "<group>"; };
		AB1FABB329328A5B00AB8A6A /* BestRatesVC.xib */ = {isa = PBXFileReference; fileEncoding = 4; lastKnownFileType = file.xib; path = BestRatesVC.xib; sourceTree = "<group>"; };
		AB55709A2933624B0068F164 /* PaymentService.swift */ = {isa = PBXFileReference; lastKnownFileType = sourcecode.swift; path = PaymentService.swift; sourceTree = "<group>"; };
		AB55709C2933649A0068F164 /* HTTPClient.swift */ = {isa = PBXFileReference; fileEncoding = 4; lastKnownFileType = sourcecode.swift; path = HTTPClient.swift; sourceTree = "<group>"; };
		AB5570A129336F330068F164 /* ErrorDetailsItem.swift */ = {isa = PBXFileReference; fileEncoding = 4; lastKnownFileType = sourcecode.swift; path = ErrorDetailsItem.swift; sourceTree = "<group>"; };
		AB5570A229336F330068F164 /* ErrorCode.swift */ = {isa = PBXFileReference; fileEncoding = 4; lastKnownFileType = sourcecode.swift; path = ErrorCode.swift; sourceTree = "<group>"; };
		AB5570A329336F330068F164 /* ValidationErrorItem.swift */ = {isa = PBXFileReference; fileEncoding = 4; lastKnownFileType = sourcecode.swift; path = ValidationErrorItem.swift; sourceTree = "<group>"; };
		AB5570A7293377030068F164 /* ErrorItem.swift */ = {isa = PBXFileReference; fileEncoding = 4; lastKnownFileType = sourcecode.swift; path = ErrorItem.swift; sourceTree = "<group>"; };
		AB5570A92933805C0068F164 /* PaymentEndpoint.swift */ = {isa = PBXFileReference; lastKnownFileType = sourcecode.swift; path = PaymentEndpoint.swift; sourceTree = "<group>"; };
		AB5570AB2933833A0068F164 /* Endpoint.swift */ = {isa = PBXFileReference; fileEncoding = 4; lastKnownFileType = sourcecode.swift; path = Endpoint.swift; sourceTree = "<group>"; };
		AB5570B029338E120068F164 /* String + Estensions.swift */ = {isa = PBXFileReference; lastKnownFileType = sourcecode.swift; path = "String + Estensions.swift"; sourceTree = "<group>"; };
		AB5570B2293390510068F164 /* Date + Extensions.swift */ = {isa = PBXFileReference; fileEncoding = 4; lastKnownFileType = sourcecode.swift; path = "Date + Extensions.swift"; sourceTree = "<group>"; };
		AB5570B4293392AB0068F164 /* ResponseErrorItem.swift */ = {isa = PBXFileReference; fileEncoding = 4; lastKnownFileType = sourcecode.swift; path = ResponseErrorItem.swift; sourceTree = "<group>"; };
		AB5570B72933A05C0068F164 /* Environment.swift */ = {isa = PBXFileReference; fileEncoding = 4; lastKnownFileType = sourcecode.swift; path = Environment.swift; sourceTree = "<group>"; };
		AB5570B92933A08C0068F164 /* Config.xcconfig */ = {isa = PBXFileReference; lastKnownFileType = text.xcconfig; path = Config.xcconfig; sourceTree = "<group>"; };
		DC3F811C642553CA71E000E8 /* Pods_Currency_Forex.framework */ = {isa = PBXFileReference; explicitFileType = wrapper.framework; includeInIndex = 0; path = Pods_Currency_Forex.framework; sourceTree = BUILT_PRODUCTS_DIR; };
		E4F1BD2B6C7099FC504FC881 /* Pods-Currency Forex-Currency ForexUITests.release.xcconfig */ = {isa = PBXFileReference; includeInIndex = 1; lastKnownFileType = text.xcconfig; name = "Pods-Currency Forex-Currency ForexUITests.release.xcconfig"; path = "Target Support Files/Pods-Currency Forex-Currency ForexUITests/Pods-Currency Forex-Currency ForexUITests.release.xcconfig"; sourceTree = "<group>"; };
/* End PBXFileReference section */

/* Begin PBXFrameworksBuildPhase section */
		AB1FAB6429326C3900AB8A6A /* Frameworks */ = {
			isa = PBXFrameworksBuildPhase;
			buildActionMask = 2147483647;
			files = (
				AB5570AF29338D3B0068F164 /* SwiftDate in Frameworks */,
				AB1FAB9C2932769E00AB8A6A /* Alamofire in Frameworks */,
				AB1FAB9F293276C100AB8A6A /* AlamofireNetworkActivityLogger in Frameworks */,
				81CD3BBED22CA26628C87388 /* Pods_Currency_Forex.framework in Frameworks */,
			);
			runOnlyForDeploymentPostprocessing = 0;
		};
		AB1FAB7A29326C3B00AB8A6A /* Frameworks */ = {
			isa = PBXFrameworksBuildPhase;
			buildActionMask = 2147483647;
			files = (
				A94111BE9C3DD413DC22B1EB /* Pods_Currency_ForexTests.framework in Frameworks */,
			);
			runOnlyForDeploymentPostprocessing = 0;
		};
		AB1FAB8429326C3B00AB8A6A /* Frameworks */ = {
			isa = PBXFrameworksBuildPhase;
			buildActionMask = 2147483647;
			files = (
				F40D8602A14DAE47EDD54D3E /* Pods_Currency_Forex_Currency_ForexUITests.framework in Frameworks */,
			);
			runOnlyForDeploymentPostprocessing = 0;
		};
/* End PBXFrameworksBuildPhase section */

/* Begin PBXGroup section */
		1B2A1931B9A40F5FF4169613 /* Frameworks */ = {
			isa = PBXGroup;
			children = (
				DC3F811C642553CA71E000E8 /* Pods_Currency_Forex.framework */,
				66E0DA300C81799276573768 /* Pods_Currency_Forex_Currency_ForexUITests.framework */,
				2C2E8154425C8FA54496733A /* Pods_Currency_ForexTests.framework */,
			);
			name = Frameworks;
			sourceTree = "<group>";
		};
		AB1FAB5E29326C3900AB8A6A = {
			isa = PBXGroup;
			children = (
				AB1FAB6929326C3900AB8A6A /* Currency Forex */,
				AB1FAB8029326C3B00AB8A6A /* Currency ForexTests */,
				AB1FAB8A29326C3B00AB8A6A /* Currency ForexUITests */,
				AB1FAB6829326C3900AB8A6A /* Products */,
				EB86811C3FE4E197557BF691 /* Pods */,
				1B2A1931B9A40F5FF4169613 /* Frameworks */,
			);
			sourceTree = "<group>";
		};
		AB1FAB6829326C3900AB8A6A /* Products */ = {
			isa = PBXGroup;
			children = (
				AB1FAB6729326C3900AB8A6A /* Currency Forex.app */,
				AB1FAB7D29326C3B00AB8A6A /* Currency ForexTests.xctest */,
				AB1FAB8729326C3B00AB8A6A /* Currency ForexUITests.xctest */,
			);
			name = Products;
			sourceTree = "<group>";
		};
		AB1FAB6929326C3900AB8A6A /* Currency Forex */ = {
			isa = PBXGroup;
			children = (
				AB1FABA62932876200AB8A6A /* ApplicationLayer */,
				AB1FABA02932876200AB8A6A /* CoreLayer */,
				AB1FABA82932876200AB8A6A /* PresentationLayer */,
				AB55709E29336F330068F164 /* Business Logic Layer */,
				AB1FAB6A29326C3900AB8A6A /* AppDelegate.swift */,
				AB1FAB7329326C3B00AB8A6A /* Assets.xcassets */,
				AB1FAB7529326C3B00AB8A6A /* LaunchScreen.storyboard */,
				AB1FAB7829326C3B00AB8A6A /* Info.plist */,
				AB5570B62933A0370068F164 /* SupportingFiles */,
			);
			path = "Currency Forex";
			sourceTree = "<group>";
		};
		AB1FAB8029326C3B00AB8A6A /* Currency ForexTests */ = {
			isa = PBXGroup;
			children = (
				AB1FAB8129326C3B00AB8A6A /* Currency_ForexTests.swift */,
			);
			path = "Currency ForexTests";
			sourceTree = "<group>";
		};
		AB1FAB8A29326C3B00AB8A6A /* Currency ForexUITests */ = {
			isa = PBXGroup;
			children = (
				AB1FAB8B29326C3B00AB8A6A /* Currency_ForexUITests.swift */,
				AB1FAB8D29326C3B00AB8A6A /* Currency_ForexUITestsLaunchTests.swift */,
			);
			path = "Currency ForexUITests";
			sourceTree = "<group>";
		};
		AB1FABA02932876200AB8A6A /* CoreLayer */ = {
			isa = PBXGroup;
			children = (
				AB5570962933597C0068F164 /* Network */,
				AB1FABA32932876200AB8A6A /* Extensions */,
				AB1FABA12932876200AB8A6A /* BindableType.swift */,
				AB1FABA22932876200AB8A6A /* AppCoordinator.swift */,
				AB1FABA52932876200AB8A6A /* NibIdentifiable.swift */,
			);
			path = CoreLayer;
			sourceTree = "<group>";
		};
		AB1FABA32932876200AB8A6A /* Extensions */ = {
			isa = PBXGroup;
			children = (
				AB5570B2293390510068F164 /* Date + Extensions.swift */,
				AB5570B029338E120068F164 /* String + Estensions.swift */,
			);
			path = Extensions;
			sourceTree = "<group>";
		};
		AB1FABA62932876200AB8A6A /* ApplicationLayer */ = {
			isa = PBXGroup;
			children = (
				AB1FABA72932876200AB8A6A /* Constants.swift */,
			);
			path = ApplicationLayer;
			sourceTree = "<group>";
		};
		AB1FABA82932876200AB8A6A /* PresentationLayer */ = {
			isa = PBXGroup;
			children = (
				AB1FABA92932876200AB8A6A /* Scenes */,
			);
			path = PresentationLayer;
			sourceTree = "<group>";
		};
		AB1FABA92932876200AB8A6A /* Scenes */ = {
			isa = PBXGroup;
			children = (
				AB1FABAA2932876200AB8A6A /* BestRates */,
			);
			path = Scenes;
			sourceTree = "<group>";
		};
		AB1FABAA2932876200AB8A6A /* BestRates */ = {
			isa = PBXGroup;
			children = (
				AB1FABB229328A5B00AB8A6A /* BestRatesVC.swift */,
				AB1FABB329328A5B00AB8A6A /* BestRatesVC.xib */,
				AB1FABB029328A5B00AB8A6A /* BestRatesVM.swift */,
				AB1FABB129328A5B00AB8A6A /* BestRatesVMImpl.swift */,
			);
			path = BestRates;
			sourceTree = "<group>";
		};
		AB5570962933597C0068F164 /* Network */ = {
			isa = PBXGroup;
			children = (
				AB5570982933597C0068F164 /* Base */,
				AB5570972933597C0068F164 /* EndPoints */,
				AB5570992933597C0068F164 /* Services */,
			);
			path = Network;
			sourceTree = "<group>";
		};
		AB5570972933597C0068F164 /* EndPoints */ = {
			isa = PBXGroup;
			children = (
				AB5570A92933805C0068F164 /* PaymentEndpoint.swift */,
			);
			path = EndPoints;
			sourceTree = "<group>";
		};
		AB5570982933597C0068F164 /* Base */ = {
			isa = PBXGroup;
			children = (
				AB5570AB2933833A0068F164 /* Endpoint.swift */,
				AB55709C2933649A0068F164 /* HTTPClient.swift */,
			);
			path = Base;
			sourceTree = "<group>";
		};
		AB5570992933597C0068F164 /* Services */ = {
			isa = PBXGroup;
			children = (
				AB55709A2933624B0068F164 /* PaymentService.swift */,
			);
			path = Services;
			sourceTree = "<group>";
		};
		AB55709E29336F330068F164 /* Business Logic Layer */ = {
			isa = PBXGroup;
			children = (
				AB55709F29336F330068F164 /* Entities */,
			);
			path = "Business Logic Layer";
			sourceTree = "<group>";
		};
		AB55709F29336F330068F164 /* Entities */ = {
			isa = PBXGroup;
			children = (
				AB5570A029336F330068F164 /* Error */,
			);
			path = Entities;
			sourceTree = "<group>";
		};
		AB5570A029336F330068F164 /* Error */ = {
			isa = PBXGroup;
			children = (
				AB5570A7293377030068F164 /* ErrorItem.swift */,
				AB5570A129336F330068F164 /* ErrorDetailsItem.swift */,
				AB5570A229336F330068F164 /* ErrorCode.swift */,
				AB5570A329336F330068F164 /* ValidationErrorItem.swift */,
				AB5570B4293392AB0068F164 /* ResponseErrorItem.swift */,
			);
			path = Error;
			sourceTree = "<group>";
		};
		AB5570B62933A0370068F164 /* SupportingFiles */ = {
			isa = PBXGroup;
			children = (
				AB5570B72933A05C0068F164 /* Environment.swift */,
				AB5570B92933A08C0068F164 /* Config.xcconfig */,
			);
			path = SupportingFiles;
			sourceTree = "<group>";
		};
		EB86811C3FE4E197557BF691 /* Pods */ = {
			isa = PBXGroup;
			children = (
				2C40B253B542870BDE11349A /* Pods-Currency Forex.debug.xcconfig */,
				45E76AE693C16A60661800DA /* Pods-Currency Forex.release.xcconfig */,
				5D37BF6D2E4CFB729B59F9DC /* Pods-Currency Forex-Currency ForexUITests.debug.xcconfig */,
				E4F1BD2B6C7099FC504FC881 /* Pods-Currency Forex-Currency ForexUITests.release.xcconfig */,
				2D15C30198119DE2D2BC7030 /* Pods-Currency ForexTests.debug.xcconfig */,
				9D2CB895E54EE4BA9DDD3BCF /* Pods-Currency ForexTests.release.xcconfig */,
			);
			path = Pods;
			sourceTree = "<group>";
		};
/* End PBXGroup section */

/* Begin PBXNativeTarget section */
		AB1FAB6629326C3900AB8A6A /* Currency Forex */ = {
			isa = PBXNativeTarget;
			buildConfigurationList = AB1FAB9129326C3B00AB8A6A /* Build configuration list for PBXNativeTarget "Currency Forex" */;
			buildPhases = (
				E50B729F6E34CF4A6A36C6EF /* [CP] Check Pods Manifest.lock */,
				AB1FAB6329326C3900AB8A6A /* Sources */,
				AB1FAB6429326C3900AB8A6A /* Frameworks */,
				AB1FAB6529326C3900AB8A6A /* Resources */,
				A79206833448ECF971A4AE3E /* [CP] Embed Pods Frameworks */,
			);
			buildRules = (
			);
			dependencies = (
			);
			name = "Currency Forex";
			packageProductDependencies = (
				AB1FAB9B2932769E00AB8A6A /* Alamofire */,
				AB1FAB9E293276C100AB8A6A /* AlamofireNetworkActivityLogger */,
				AB5570AE29338D3B0068F164 /* SwiftDate */,
			);
			productName = "Currency Forex";
			productReference = AB1FAB6729326C3900AB8A6A /* Currency Forex.app */;
			productType = "com.apple.product-type.application";
		};
		AB1FAB7C29326C3B00AB8A6A /* Currency ForexTests */ = {
			isa = PBXNativeTarget;
			buildConfigurationList = AB1FAB9429326C3B00AB8A6A /* Build configuration list for PBXNativeTarget "Currency ForexTests" */;
			buildPhases = (
				CCB23E680EA585C2B1080C44 /* [CP] Check Pods Manifest.lock */,
				AB1FAB7929326C3B00AB8A6A /* Sources */,
				AB1FAB7A29326C3B00AB8A6A /* Frameworks */,
				AB1FAB7B29326C3B00AB8A6A /* Resources */,
				9FBC2794F028EBEBF19222DC /* [CP] Embed Pods Frameworks */,
			);
			buildRules = (
			);
			dependencies = (
				AB1FAB7F29326C3B00AB8A6A /* PBXTargetDependency */,
			);
			name = "Currency ForexTests";
			productName = "Currency ForexTests";
			productReference = AB1FAB7D29326C3B00AB8A6A /* Currency ForexTests.xctest */;
			productType = "com.apple.product-type.bundle.unit-test";
		};
		AB1FAB8629326C3B00AB8A6A /* Currency ForexUITests */ = {
			isa = PBXNativeTarget;
			buildConfigurationList = AB1FAB9729326C3B00AB8A6A /* Build configuration list for PBXNativeTarget "Currency ForexUITests" */;
			buildPhases = (
				CF4D2F1BB8ECD97D43991352 /* [CP] Check Pods Manifest.lock */,
				AB1FAB8329326C3B00AB8A6A /* Sources */,
				AB1FAB8429326C3B00AB8A6A /* Frameworks */,
				AB1FAB8529326C3B00AB8A6A /* Resources */,
				C2DE18F6643B63522728AA65 /* [CP] Embed Pods Frameworks */,
			);
			buildRules = (
			);
			dependencies = (
				AB1FAB8929326C3B00AB8A6A /* PBXTargetDependency */,
			);
			name = "Currency ForexUITests";
			productName = "Currency ForexUITests";
			productReference = AB1FAB8729326C3B00AB8A6A /* Currency ForexUITests.xctest */;
			productType = "com.apple.product-type.bundle.ui-testing";
		};
/* End PBXNativeTarget section */

/* Begin PBXProject section */
		AB1FAB5F29326C3900AB8A6A /* Project object */ = {
			isa = PBXProject;
			attributes = {
				BuildIndependentTargetsInParallel = 1;
				LastSwiftUpdateCheck = 1410;
				LastUpgradeCheck = 1410;
				TargetAttributes = {
					AB1FAB6629326C3900AB8A6A = {
						CreatedOnToolsVersion = 14.1;
					};
					AB1FAB7C29326C3B00AB8A6A = {
						CreatedOnToolsVersion = 14.1;
						TestTargetID = AB1FAB6629326C3900AB8A6A;
					};
					AB1FAB8629326C3B00AB8A6A = {
						CreatedOnToolsVersion = 14.1;
						TestTargetID = AB1FAB6629326C3900AB8A6A;
					};
				};
			};
			buildConfigurationList = AB1FAB6229326C3900AB8A6A /* Build configuration list for PBXProject "Currency Forex" */;
			compatibilityVersion = "Xcode 12.0";
			developmentRegion = en;
			hasScannedForEncodings = 0;
			knownRegions = (
				en,
				Base,
			);
			mainGroup = AB1FAB5E29326C3900AB8A6A;
			packageReferences = (
				AB1FAB9A2932769E00AB8A6A /* XCRemoteSwiftPackageReference "Alamofire" */,
				AB1FAB9D293276C100AB8A6A /* XCRemoteSwiftPackageReference "AlamofireNetworkActivityLogger" */,
				AB5570AD29338D3B0068F164 /* XCRemoteSwiftPackageReference "SwiftDate" */,
			);
			productRefGroup = AB1FAB6829326C3900AB8A6A /* Products */;
			projectDirPath = "";
			projectRoot = "";
			targets = (
				AB1FAB6629326C3900AB8A6A /* Currency Forex */,
				AB1FAB7C29326C3B00AB8A6A /* Currency ForexTests */,
				AB1FAB8629326C3B00AB8A6A /* Currency ForexUITests */,
			);
		};
/* End PBXProject section */

/* Begin PBXResourcesBuildPhase section */
		AB1FAB6529326C3900AB8A6A /* Resources */ = {
			isa = PBXResourcesBuildPhase;
			buildActionMask = 2147483647;
			files = (
				AB1FAB7729326C3B00AB8A6A /* LaunchScreen.storyboard in Resources */,
				AB1FAB7429326C3B00AB8A6A /* Assets.xcassets in Resources */,
				AB1FABB729328A5B00AB8A6A /* BestRatesVC.xib in Resources */,
			);
			runOnlyForDeploymentPostprocessing = 0;
		};
		AB1FAB7B29326C3B00AB8A6A /* Resources */ = {
			isa = PBXResourcesBuildPhase;
			buildActionMask = 2147483647;
			files = (
			);
			runOnlyForDeploymentPostprocessing = 0;
		};
		AB1FAB8529326C3B00AB8A6A /* Resources */ = {
			isa = PBXResourcesBuildPhase;
			buildActionMask = 2147483647;
			files = (
			);
			runOnlyForDeploymentPostprocessing = 0;
		};
/* End PBXResourcesBuildPhase section */

/* Begin PBXShellScriptBuildPhase section */
		9FBC2794F028EBEBF19222DC /* [CP] Embed Pods Frameworks */ = {
			isa = PBXShellScriptBuildPhase;
			buildActionMask = 2147483647;
			files = (
			);
			inputFileListPaths = (
				"${PODS_ROOT}/Target Support Files/Pods-Currency ForexTests/Pods-Currency ForexTests-frameworks-${CONFIGURATION}-input-files.xcfilelist",
			);
			name = "[CP] Embed Pods Frameworks";
			outputFileListPaths = (
				"${PODS_ROOT}/Target Support Files/Pods-Currency ForexTests/Pods-Currency ForexTests-frameworks-${CONFIGURATION}-output-files.xcfilelist",
			);
			runOnlyForDeploymentPostprocessing = 0;
			shellPath = /bin/sh;
			shellScript = "\"${PODS_ROOT}/Target Support Files/Pods-Currency ForexTests/Pods-Currency ForexTests-frameworks.sh\"\n";
			showEnvVarsInLog = 0;
		};
		A79206833448ECF971A4AE3E /* [CP] Embed Pods Frameworks */ = {
			isa = PBXShellScriptBuildPhase;
			buildActionMask = 2147483647;
			files = (
			);
			inputFileListPaths = (
				"${PODS_ROOT}/Target Support Files/Pods-Currency Forex/Pods-Currency Forex-frameworks-${CONFIGURATION}-input-files.xcfilelist",
			);
			name = "[CP] Embed Pods Frameworks";
			outputFileListPaths = (
				"${PODS_ROOT}/Target Support Files/Pods-Currency Forex/Pods-Currency Forex-frameworks-${CONFIGURATION}-output-files.xcfilelist",
			);
			runOnlyForDeploymentPostprocessing = 0;
			shellPath = /bin/sh;
			shellScript = "\"${PODS_ROOT}/Target Support Files/Pods-Currency Forex/Pods-Currency Forex-frameworks.sh\"\n";
			showEnvVarsInLog = 0;
		};
		C2DE18F6643B63522728AA65 /* [CP] Embed Pods Frameworks */ = {
			isa = PBXShellScriptBuildPhase;
			buildActionMask = 2147483647;
			files = (
			);
			inputFileListPaths = (
				"${PODS_ROOT}/Target Support Files/Pods-Currency Forex-Currency ForexUITests/Pods-Currency Forex-Currency ForexUITests-frameworks-${CONFIGURATION}-input-files.xcfilelist",
			);
			name = "[CP] Embed Pods Frameworks";
			outputFileListPaths = (
				"${PODS_ROOT}/Target Support Files/Pods-Currency Forex-Currency ForexUITests/Pods-Currency Forex-Currency ForexUITests-frameworks-${CONFIGURATION}-output-files.xcfilelist",
			);
			runOnlyForDeploymentPostprocessing = 0;
			shellPath = /bin/sh;
			shellScript = "\"${PODS_ROOT}/Target Support Files/Pods-Currency Forex-Currency ForexUITests/Pods-Currency Forex-Currency ForexUITests-frameworks.sh\"\n";
			showEnvVarsInLog = 0;
		};
		CCB23E680EA585C2B1080C44 /* [CP] Check Pods Manifest.lock */ = {
			isa = PBXShellScriptBuildPhase;
			buildActionMask = 2147483647;
			files = (
			);
			inputFileListPaths = (
			);
			inputPaths = (
				"${PODS_PODFILE_DIR_PATH}/Podfile.lock",
				"${PODS_ROOT}/Manifest.lock",
			);
			name = "[CP] Check Pods Manifest.lock";
			outputFileListPaths = (
			);
			outputPaths = (
				"$(DERIVED_FILE_DIR)/Pods-Currency ForexTests-checkManifestLockResult.txt",
			);
			runOnlyForDeploymentPostprocessing = 0;
			shellPath = /bin/sh;
			shellScript = "diff \"${PODS_PODFILE_DIR_PATH}/Podfile.lock\" \"${PODS_ROOT}/Manifest.lock\" > /dev/null\nif [ $? != 0 ] ; then\n    # print error to STDERR\n    echo \"error: The sandbox is not in sync with the Podfile.lock. Run 'pod install' or update your CocoaPods installation.\" >&2\n    exit 1\nfi\n# This output is used by Xcode 'outputs' to avoid re-running this script phase.\necho \"SUCCESS\" > \"${SCRIPT_OUTPUT_FILE_0}\"\n";
			showEnvVarsInLog = 0;
		};
		CF4D2F1BB8ECD97D43991352 /* [CP] Check Pods Manifest.lock */ = {
			isa = PBXShellScriptBuildPhase;
			buildActionMask = 2147483647;
			files = (
			);
			inputFileListPaths = (
			);
			inputPaths = (
				"${PODS_PODFILE_DIR_PATH}/Podfile.lock",
				"${PODS_ROOT}/Manifest.lock",
			);
			name = "[CP] Check Pods Manifest.lock";
			outputFileListPaths = (
			);
			outputPaths = (
				"$(DERIVED_FILE_DIR)/Pods-Currency Forex-Currency ForexUITests-checkManifestLockResult.txt",
			);
			runOnlyForDeploymentPostprocessing = 0;
			shellPath = /bin/sh;
			shellScript = "diff \"${PODS_PODFILE_DIR_PATH}/Podfile.lock\" \"${PODS_ROOT}/Manifest.lock\" > /dev/null\nif [ $? != 0 ] ; then\n    # print error to STDERR\n    echo \"error: The sandbox is not in sync with the Podfile.lock. Run 'pod install' or update your CocoaPods installation.\" >&2\n    exit 1\nfi\n# This output is used by Xcode 'outputs' to avoid re-running this script phase.\necho \"SUCCESS\" > \"${SCRIPT_OUTPUT_FILE_0}\"\n";
			showEnvVarsInLog = 0;
		};
		E50B729F6E34CF4A6A36C6EF /* [CP] Check Pods Manifest.lock */ = {
			isa = PBXShellScriptBuildPhase;
			buildActionMask = 2147483647;
			files = (
			);
			inputFileListPaths = (
			);
			inputPaths = (
				"${PODS_PODFILE_DIR_PATH}/Podfile.lock",
				"${PODS_ROOT}/Manifest.lock",
			);
			name = "[CP] Check Pods Manifest.lock";
			outputFileListPaths = (
			);
			outputPaths = (
				"$(DERIVED_FILE_DIR)/Pods-Currency Forex-checkManifestLockResult.txt",
			);
			runOnlyForDeploymentPostprocessing = 0;
			shellPath = /bin/sh;
			shellScript = "diff \"${PODS_PODFILE_DIR_PATH}/Podfile.lock\" \"${PODS_ROOT}/Manifest.lock\" > /dev/null\nif [ $? != 0 ] ; then\n    # print error to STDERR\n    echo \"error: The sandbox is not in sync with the Podfile.lock. Run 'pod install' or update your CocoaPods installation.\" >&2\n    exit 1\nfi\n# This output is used by Xcode 'outputs' to avoid re-running this script phase.\necho \"SUCCESS\" > \"${SCRIPT_OUTPUT_FILE_0}\"\n";
			showEnvVarsInLog = 0;
		};
/* End PBXShellScriptBuildPhase section */

/* Begin PBXSourcesBuildPhase section */
		AB1FAB6329326C3900AB8A6A /* Sources */ = {
			isa = PBXSourcesBuildPhase;
			buildActionMask = 2147483647;
			files = (
				AB1FABAB2932876200AB8A6A /* BindableType.swift in Sources */,
				AB5570B5293392AB0068F164 /* ResponseErrorItem.swift in Sources */,
				AB5570B3293390510068F164 /* Date + Extensions.swift in Sources */,
				AB1FABAE2932876200AB8A6A /* NibIdentifiable.swift in Sources */,
				AB5570A429336F330068F164 /* ErrorDetailsItem.swift in Sources */,
				AB1FABAC2932876200AB8A6A /* AppCoordinator.swift in Sources */,
				AB1FABB429328A5B00AB8A6A /* BestRatesVM.swift in Sources */,
				AB5570A629336F330068F164 /* ValidationErrorItem.swift in Sources */,
				AB1FABB629328A5B00AB8A6A /* BestRatesVC.swift in Sources */,
				AB5570B82933A05C0068F164 /* Environment.swift in Sources */,
				AB1FAB6B29326C3900AB8A6A /* AppDelegate.swift in Sources */,
				AB55709D2933649A0068F164 /* HTTPClient.swift in Sources */,
				AB5570A8293377030068F164 /* ErrorItem.swift in Sources */,
				AB5570B129338E120068F164 /* String + Estensions.swift in Sources */,
				AB5570AC2933833A0068F164 /* Endpoint.swift in Sources */,
				AB1FABAF2932876200AB8A6A /* Constants.swift in Sources */,
				AB5570AA2933805C0068F164 /* PaymentEndpoint.swift in Sources */,
				AB55709B2933624B0068F164 /* PaymentService.swift in Sources */,
				AB1FABB529328A5B00AB8A6A /* BestRatesVMImpl.swift in Sources */,
				AB5570A529336F330068F164 /* ErrorCode.swift in Sources */,
			);
			runOnlyForDeploymentPostprocessing = 0;
		};
		AB1FAB7929326C3B00AB8A6A /* Sources */ = {
			isa = PBXSourcesBuildPhase;
			buildActionMask = 2147483647;
			files = (
				AB1FAB8229326C3B00AB8A6A /* Currency_ForexTests.swift in Sources */,
			);
			runOnlyForDeploymentPostprocessing = 0;
		};
		AB1FAB8329326C3B00AB8A6A /* Sources */ = {
			isa = PBXSourcesBuildPhase;
			buildActionMask = 2147483647;
			files = (
				AB1FAB8E29326C3B00AB8A6A /* Currency_ForexUITestsLaunchTests.swift in Sources */,
				AB1FAB8C29326C3B00AB8A6A /* Currency_ForexUITests.swift in Sources */,
			);
			runOnlyForDeploymentPostprocessing = 0;
		};
/* End PBXSourcesBuildPhase section */

/* Begin PBXTargetDependency section */
		AB1FAB7F29326C3B00AB8A6A /* PBXTargetDependency */ = {
			isa = PBXTargetDependency;
			target = AB1FAB6629326C3900AB8A6A /* Currency Forex */;
			targetProxy = AB1FAB7E29326C3B00AB8A6A /* PBXContainerItemProxy */;
		};
		AB1FAB8929326C3B00AB8A6A /* PBXTargetDependency */ = {
			isa = PBXTargetDependency;
			target = AB1FAB6629326C3900AB8A6A /* Currency Forex */;
			targetProxy = AB1FAB8829326C3B00AB8A6A /* PBXContainerItemProxy */;
		};
/* End PBXTargetDependency section */

/* Begin PBXVariantGroup section */
		AB1FAB7529326C3B00AB8A6A /* LaunchScreen.storyboard */ = {
			isa = PBXVariantGroup;
			children = (
				AB1FAB7629326C3B00AB8A6A /* Base */,
			);
			name = LaunchScreen.storyboard;
			sourceTree = "<group>";
		};
/* End PBXVariantGroup section */

/* Begin XCBuildConfiguration section */
		AB1FAB8F29326C3B00AB8A6A /* Debug */ = {
			isa = XCBuildConfiguration;
			baseConfigurationReference = AB5570B92933A08C0068F164 /* Config.xcconfig */;
			buildSettings = {
				ALWAYS_SEARCH_USER_PATHS = NO;
				CLANG_ANALYZER_NONNULL = YES;
				CLANG_ANALYZER_NUMBER_OBJECT_CONVERSION = YES_AGGRESSIVE;
				CLANG_CXX_LANGUAGE_STANDARD = "gnu++20";
				CLANG_ENABLE_MODULES = YES;
				CLANG_ENABLE_OBJC_ARC = YES;
				CLANG_ENABLE_OBJC_WEAK = YES;
				CLANG_WARN_BLOCK_CAPTURE_AUTORELEASING = YES;
				CLANG_WARN_BOOL_CONVERSION = YES;
				CLANG_WARN_COMMA = YES;
				CLANG_WARN_CONSTANT_CONVERSION = YES;
				CLANG_WARN_DEPRECATED_OBJC_IMPLEMENTATIONS = YES;
				CLANG_WARN_DIRECT_OBJC_ISA_USAGE = YES_ERROR;
				CLANG_WARN_DOCUMENTATION_COMMENTS = YES;
				CLANG_WARN_EMPTY_BODY = YES;
				CLANG_WARN_ENUM_CONVERSION = YES;
				CLANG_WARN_INFINITE_RECURSION = YES;
				CLANG_WARN_INT_CONVERSION = YES;
				CLANG_WARN_NON_LITERAL_NULL_CONVERSION = YES;
				CLANG_WARN_OBJC_IMPLICIT_RETAIN_SELF = YES;
				CLANG_WARN_OBJC_LITERAL_CONVERSION = YES;
				CLANG_WARN_OBJC_ROOT_CLASS = YES_ERROR;
				CLANG_WARN_QUOTED_INCLUDE_IN_FRAMEWORK_HEADER = YES;
				CLANG_WARN_RANGE_LOOP_ANALYSIS = YES;
				CLANG_WARN_STRICT_PROTOTYPES = YES;
				CLANG_WARN_SUSPICIOUS_MOVE = YES;
				CLANG_WARN_UNGUARDED_AVAILABILITY = YES_AGGRESSIVE;
				CLANG_WARN_UNREACHABLE_CODE = YES;
				CLANG_WARN__DUPLICATE_METHOD_MATCH = YES;
				COPY_PHASE_STRIP = NO;
				DEBUG_INFORMATION_FORMAT = dwarf;
				ENABLE_STRICT_OBJC_MSGSEND = YES;
				ENABLE_TESTABILITY = YES;
				GCC_C_LANGUAGE_STANDARD = gnu11;
				GCC_DYNAMIC_NO_PIC = NO;
				GCC_NO_COMMON_BLOCKS = YES;
				GCC_OPTIMIZATION_LEVEL = 0;
				GCC_PREPROCESSOR_DEFINITIONS = (
					"DEBUG=1",
					"$(inherited)",
				);
				GCC_WARN_64_TO_32_BIT_CONVERSION = YES;
				GCC_WARN_ABOUT_RETURN_TYPE = YES_ERROR;
				GCC_WARN_UNDECLARED_SELECTOR = YES;
				GCC_WARN_UNINITIALIZED_AUTOS = YES_AGGRESSIVE;
				GCC_WARN_UNUSED_FUNCTION = YES;
				GCC_WARN_UNUSED_VARIABLE = YES;
				IPHONEOS_DEPLOYMENT_TARGET = 13.0;
				MTL_ENABLE_DEBUG_INFO = INCLUDE_SOURCE;
				MTL_FAST_MATH = YES;
				ONLY_ACTIVE_ARCH = YES;
				SDKROOT = iphoneos;
				SWIFT_ACTIVE_COMPILATION_CONDITIONS = DEBUG;
				SWIFT_OPTIMIZATION_LEVEL = "-Onone";
			};
			name = Debug;
		};
		AB1FAB9029326C3B00AB8A6A /* Release */ = {
			isa = XCBuildConfiguration;
			baseConfigurationReference = AB5570B92933A08C0068F164 /* Config.xcconfig */;
			buildSettings = {
				ALWAYS_SEARCH_USER_PATHS = NO;
				CLANG_ANALYZER_NONNULL = YES;
				CLANG_ANALYZER_NUMBER_OBJECT_CONVERSION = YES_AGGRESSIVE;
				CLANG_CXX_LANGUAGE_STANDARD = "gnu++20";
				CLANG_ENABLE_MODULES = YES;
				CLANG_ENABLE_OBJC_ARC = YES;
				CLANG_ENABLE_OBJC_WEAK = YES;
				CLANG_WARN_BLOCK_CAPTURE_AUTORELEASING = YES;
				CLANG_WARN_BOOL_CONVERSION = YES;
				CLANG_WARN_COMMA = YES;
				CLANG_WARN_CONSTANT_CONVERSION = YES;
				CLANG_WARN_DEPRECATED_OBJC_IMPLEMENTATIONS = YES;
				CLANG_WARN_DIRECT_OBJC_ISA_USAGE = YES_ERROR;
				CLANG_WARN_DOCUMENTATION_COMMENTS = YES;
				CLANG_WARN_EMPTY_BODY = YES;
				CLANG_WARN_ENUM_CONVERSION = YES;
				CLANG_WARN_INFINITE_RECURSION = YES;
				CLANG_WARN_INT_CONVERSION = YES;
				CLANG_WARN_NON_LITERAL_NULL_CONVERSION = YES;
				CLANG_WARN_OBJC_IMPLICIT_RETAIN_SELF = YES;
				CLANG_WARN_OBJC_LITERAL_CONVERSION = YES;
				CLANG_WARN_OBJC_ROOT_CLASS = YES_ERROR;
				CLANG_WARN_QUOTED_INCLUDE_IN_FRAMEWORK_HEADER = YES;
				CLANG_WARN_RANGE_LOOP_ANALYSIS = YES;
				CLANG_WARN_STRICT_PROTOTYPES = YES;
				CLANG_WARN_SUSPICIOUS_MOVE = YES;
				CLANG_WARN_UNGUARDED_AVAILABILITY = YES_AGGRESSIVE;
				CLANG_WARN_UNREACHABLE_CODE = YES;
				CLANG_WARN__DUPLICATE_METHOD_MATCH = YES;
				COPY_PHASE_STRIP = NO;
				DEBUG_INFORMATION_FORMAT = "dwarf-with-dsym";
				ENABLE_NS_ASSERTIONS = NO;
				ENABLE_STRICT_OBJC_MSGSEND = YES;
				GCC_C_LANGUAGE_STANDARD = gnu11;
				GCC_NO_COMMON_BLOCKS = YES;
				GCC_WARN_64_TO_32_BIT_CONVERSION = YES;
				GCC_WARN_ABOUT_RETURN_TYPE = YES_ERROR;
				GCC_WARN_UNDECLARED_SELECTOR = YES;
				GCC_WARN_UNINITIALIZED_AUTOS = YES_AGGRESSIVE;
				GCC_WARN_UNUSED_FUNCTION = YES;
				GCC_WARN_UNUSED_VARIABLE = YES;
				IPHONEOS_DEPLOYMENT_TARGET = 13.0;
				MTL_ENABLE_DEBUG_INFO = NO;
				MTL_FAST_MATH = YES;
				SDKROOT = iphoneos;
				SWIFT_COMPILATION_MODE = wholemodule;
				SWIFT_OPTIMIZATION_LEVEL = "-O";
				VALIDATE_PRODUCT = YES;
			};
			name = Release;
		};
		AB1FAB9229326C3B00AB8A6A /* Debug */ = {
			isa = XCBuildConfiguration;
			baseConfigurationReference = 2C40B253B542870BDE11349A /* Pods-Currency Forex.debug.xcconfig */;
			buildSettings = {
				ASSETCATALOG_COMPILER_APPICON_NAME = AppIcon;
				ASSETCATALOG_COMPILER_GLOBAL_ACCENT_COLOR_NAME = AccentColor;
				CODE_SIGN_STYLE = Automatic;
				CURRENT_PROJECT_VERSION = 1;
				DEVELOPMENT_TEAM = Z8QSU2T2BY;
				GENERATE_INFOPLIST_FILE = YES;
				IBSC_FLATTEN_NIBS = YES;
				INFOPLIST_FILE = "Currency Forex/Info.plist";
				INFOPLIST_KEY_UIApplicationSupportsIndirectInputEvents = YES;
				INFOPLIST_KEY_UILaunchStoryboardName = LaunchScreen;
				INFOPLIST_KEY_UISupportedInterfaceOrientations_iPad = "UIInterfaceOrientationPortrait UIInterfaceOrientationPortraitUpsideDown UIInterfaceOrientationLandscapeLeft UIInterfaceOrientationLandscapeRight";
				INFOPLIST_KEY_UISupportedInterfaceOrientations_iPhone = "UIInterfaceOrientationPortrait UIInterfaceOrientationLandscapeLeft UIInterfaceOrientationLandscapeRight";
				LD_RUNPATH_SEARCH_PATHS = (
					"$(inherited)",
					"@executable_path/Frameworks",
				);
				MARKETING_VERSION = 1.0;
				PRODUCT_BUNDLE_IDENTIFIER = "Andela.Currency-Forex";
				PRODUCT_NAME = "$(TARGET_NAME)";
				SUPPORTED_PLATFORMS = "iphoneos iphonesimulator";
				SUPPORTS_MACCATALYST = NO;
				SUPPORTS_MAC_DESIGNED_FOR_IPHONE_IPAD = NO;
				SWIFT_EMIT_LOC_STRINGS = YES;
				SWIFT_VERSION = 5.0;
				TARGETED_DEVICE_FAMILY = 1;
			};
			name = Debug;
		};
		AB1FAB9329326C3B00AB8A6A /* Release */ = {
			isa = XCBuildConfiguration;
			baseConfigurationReference = 45E76AE693C16A60661800DA /* Pods-Currency Forex.release.xcconfig */;
			buildSettings = {
				ASSETCATALOG_COMPILER_APPICON_NAME = AppIcon;
				ASSETCATALOG_COMPILER_GLOBAL_ACCENT_COLOR_NAME = AccentColor;
				CODE_SIGN_STYLE = Automatic;
				CURRENT_PROJECT_VERSION = 1;
				DEVELOPMENT_TEAM = Z8QSU2T2BY;
				GENERATE_INFOPLIST_FILE = YES;
				IBSC_FLATTEN_NIBS = YES;
				INFOPLIST_FILE = "Currency Forex/Info.plist";
				INFOPLIST_KEY_UIApplicationSupportsIndirectInputEvents = YES;
				INFOPLIST_KEY_UILaunchStoryboardName = LaunchScreen;
				INFOPLIST_KEY_UISupportedInterfaceOrientations_iPad = "UIInterfaceOrientationPortrait UIInterfaceOrientationPortraitUpsideDown UIInterfaceOrientationLandscapeLeft UIInterfaceOrientationLandscapeRight";
				INFOPLIST_KEY_UISupportedInterfaceOrientations_iPhone = "UIInterfaceOrientationPortrait UIInterfaceOrientationLandscapeLeft UIInterfaceOrientationLandscapeRight";
				LD_RUNPATH_SEARCH_PATHS = (
					"$(inherited)",
					"@executable_path/Frameworks",
				);
				MARKETING_VERSION = 1.0;
				PRODUCT_BUNDLE_IDENTIFIER = "Andela.Currency-Forex";
				PRODUCT_NAME = "$(TARGET_NAME)";
				SUPPORTED_PLATFORMS = "iphoneos iphonesimulator";
				SUPPORTS_MACCATALYST = NO;
				SUPPORTS_MAC_DESIGNED_FOR_IPHONE_IPAD = NO;
				SWIFT_EMIT_LOC_STRINGS = YES;
				SWIFT_VERSION = 5.0;
				TARGETED_DEVICE_FAMILY = 1;
			};
			name = Release;
		};
		AB1FAB9529326C3B00AB8A6A /* Debug */ = {
			isa = XCBuildConfiguration;
			baseConfigurationReference = 2D15C30198119DE2D2BC7030 /* Pods-Currency ForexTests.debug.xcconfig */;
			buildSettings = {
				ALWAYS_EMBED_SWIFT_STANDARD_LIBRARIES = YES;
				BUNDLE_LOADER = "$(TEST_HOST)";
				CODE_SIGN_STYLE = Automatic;
				CURRENT_PROJECT_VERSION = 1;
				DEVELOPMENT_TEAM = Z8QSU2T2BY;
				GENERATE_INFOPLIST_FILE = YES;
				IPHONEOS_DEPLOYMENT_TARGET = 16.1;
				MARKETING_VERSION = 1.0;
				PRODUCT_BUNDLE_IDENTIFIER = "Andela.Currency-ForexTests";
				PRODUCT_NAME = "$(TARGET_NAME)";
				SWIFT_EMIT_LOC_STRINGS = NO;
				SWIFT_VERSION = 5.0;
				TARGETED_DEVICE_FAMILY = "1,2";
				TEST_HOST = "$(BUILT_PRODUCTS_DIR)/Currency Forex.app/$(BUNDLE_EXECUTABLE_FOLDER_PATH)/Currency Forex";
			};
			name = Debug;
		};
		AB1FAB9629326C3B00AB8A6A /* Release */ = {
			isa = XCBuildConfiguration;
			baseConfigurationReference = 9D2CB895E54EE4BA9DDD3BCF /* Pods-Currency ForexTests.release.xcconfig */;
			buildSettings = {
				ALWAYS_EMBED_SWIFT_STANDARD_LIBRARIES = YES;
				BUNDLE_LOADER = "$(TEST_HOST)";
				CODE_SIGN_STYLE = Automatic;
				CURRENT_PROJECT_VERSION = 1;
				DEVELOPMENT_TEAM = Z8QSU2T2BY;
				GENERATE_INFOPLIST_FILE = YES;
				IPHONEOS_DEPLOYMENT_TARGET = 16.1;
				MARKETING_VERSION = 1.0;
				PRODUCT_BUNDLE_IDENTIFIER = "Andela.Currency-ForexTests";
				PRODUCT_NAME = "$(TARGET_NAME)";
				SWIFT_EMIT_LOC_STRINGS = NO;
				SWIFT_VERSION = 5.0;
				TARGETED_DEVICE_FAMILY = "1,2";
				TEST_HOST = "$(BUILT_PRODUCTS_DIR)/Currency Forex.app/$(BUNDLE_EXECUTABLE_FOLDER_PATH)/Currency Forex";
			};
			name = Release;
		};
		AB1FAB9829326C3B00AB8A6A /* Debug */ = {
			isa = XCBuildConfiguration;
			baseConfigurationReference = 5D37BF6D2E4CFB729B59F9DC /* Pods-Currency Forex-Currency ForexUITests.debug.xcconfig */;
			buildSettings = {
				ALWAYS_EMBED_SWIFT_STANDARD_LIBRARIES = YES;
				CODE_SIGN_STYLE = Automatic;
				CURRENT_PROJECT_VERSION = 1;
				DEVELOPMENT_TEAM = Z8QSU2T2BY;
				GENERATE_INFOPLIST_FILE = YES;
				MARKETING_VERSION = 1.0;
				PRODUCT_BUNDLE_IDENTIFIER = "Andela.Currency-ForexUITests";
				PRODUCT_NAME = "$(TARGET_NAME)";
				SWIFT_EMIT_LOC_STRINGS = NO;
				SWIFT_VERSION = 5.0;
				TARGETED_DEVICE_FAMILY = "1,2";
				TEST_TARGET_NAME = "Currency Forex";
			};
			name = Debug;
		};
		AB1FAB9929326C3B00AB8A6A /* Release */ = {
			isa = XCBuildConfiguration;
			baseConfigurationReference = E4F1BD2B6C7099FC504FC881 /* Pods-Currency Forex-Currency ForexUITests.release.xcconfig */;
			buildSettings = {
				ALWAYS_EMBED_SWIFT_STANDARD_LIBRARIES = YES;
				CODE_SIGN_STYLE = Automatic;
				CURRENT_PROJECT_VERSION = 1;
				DEVELOPMENT_TEAM = Z8QSU2T2BY;
				GENERATE_INFOPLIST_FILE = YES;
				MARKETING_VERSION = 1.0;
				PRODUCT_BUNDLE_IDENTIFIER = "Andela.Currency-ForexUITests";
				PRODUCT_NAME = "$(TARGET_NAME)";
				SWIFT_EMIT_LOC_STRINGS = NO;
				SWIFT_VERSION = 5.0;
				TARGETED_DEVICE_FAMILY = "1,2";
				TEST_TARGET_NAME = "Currency Forex";
			};
			name = Release;
		};
/* End XCBuildConfiguration section */

/* Begin XCConfigurationList section */
		AB1FAB6229326C3900AB8A6A /* Build configuration list for PBXProject "Currency Forex" */ = {
			isa = XCConfigurationList;
			buildConfigurations = (
				AB1FAB8F29326C3B00AB8A6A /* Debug */,
				AB1FAB9029326C3B00AB8A6A /* Release */,
			);
			defaultConfigurationIsVisible = 0;
			defaultConfigurationName = Release;
		};
		AB1FAB9129326C3B00AB8A6A /* Build configuration list for PBXNativeTarget "Currency Forex" */ = {
			isa = XCConfigurationList;
			buildConfigurations = (
				AB1FAB9229326C3B00AB8A6A /* Debug */,
				AB1FAB9329326C3B00AB8A6A /* Release */,
			);
			defaultConfigurationIsVisible = 0;
			defaultConfigurationName = Release;
		};
		AB1FAB9429326C3B00AB8A6A /* Build configuration list for PBXNativeTarget "Currency ForexTests" */ = {
			isa = XCConfigurationList;
			buildConfigurations = (
				AB1FAB9529326C3B00AB8A6A /* Debug */,
				AB1FAB9629326C3B00AB8A6A /* Release */,
			);
			defaultConfigurationIsVisible = 0;
			defaultConfigurationName = Release;
		};
		AB1FAB9729326C3B00AB8A6A /* Build configuration list for PBXNativeTarget "Currency ForexUITests" */ = {
			isa = XCConfigurationList;
			buildConfigurations = (
				AB1FAB9829326C3B00AB8A6A /* Debug */,
				AB1FAB9929326C3B00AB8A6A /* Release */,
			);
			defaultConfigurationIsVisible = 0;
			defaultConfigurationName = Release;
		};
/* End XCConfigurationList section */

/* Begin XCRemoteSwiftPackageReference section */
		AB1FAB9A2932769E00AB8A6A /* XCRemoteSwiftPackageReference "Alamofire" */ = {
			isa = XCRemoteSwiftPackageReference;
			repositoryURL = "https://github.com/Alamofire/Alamofire.git";
			requirement = {
				kind = upToNextMajorVersion;
				minimumVersion = 5.0.0;
			};
		};
		AB1FAB9D293276C100AB8A6A /* XCRemoteSwiftPackageReference "AlamofireNetworkActivityLogger" */ = {
			isa = XCRemoteSwiftPackageReference;
			repositoryURL = "https://github.com/konkab/AlamofireNetworkActivityLogger.git";
			requirement = {
				branch = master;
				kind = branch;
			};
		};
		AB5570AD29338D3B0068F164 /* XCRemoteSwiftPackageReference "SwiftDate" */ = {
			isa = XCRemoteSwiftPackageReference;
			repositoryURL = "https://github.com/malcommac/SwiftDate.git";
			requirement = {
				kind = upToNextMajorVersion;
				minimumVersion = 6.0.0;
			};
		};
/* End XCRemoteSwiftPackageReference section */

/* Begin XCSwiftPackageProductDependency section */
		AB1FAB9B2932769E00AB8A6A /* Alamofire */ = {
			isa = XCSwiftPackageProductDependency;
			package = AB1FAB9A2932769E00AB8A6A /* XCRemoteSwiftPackageReference "Alamofire" */;
			productName = Alamofire;
		};
		AB1FAB9E293276C100AB8A6A /* AlamofireNetworkActivityLogger */ = {
			isa = XCSwiftPackageProductDependency;
			package = AB1FAB9D293276C100AB8A6A /* XCRemoteSwiftPackageReference "AlamofireNetworkActivityLogger" */;
			productName = AlamofireNetworkActivityLogger;
		};
		AB5570AE29338D3B0068F164 /* SwiftDate */ = {
			isa = XCSwiftPackageProductDependency;
			package = AB5570AD29338D3B0068F164 /* XCRemoteSwiftPackageReference "SwiftDate" */;
			productName = SwiftDate;
		};
/* End XCSwiftPackageProductDependency section */
	};
	rootObject = AB1FAB5F29326C3900AB8A6A /* Project object */;
}
